
Microsoft Visual Studio Solution File, Format Version 12.00
# Visual Studio Version 16
VisualStudioVersion = 16.0.31112.23
MinimumVisualStudioVersion = 10.0.40219.1
Project("{FAE04EC0-301F-11D3-BF4B-00C04F79EFBC}") = "LearnNF", "LearnNF\LearnNF.csproj", "{7E4F2C23-4371-4CB7-8BC0-351F381E6B4E}"
EndProject
Project("{9A19103F-16F7-4668-BE54-9A1E7A4F7556}") = "SingletonDemo", "ConsoleApp1\SingletonDemo.csproj", "{BF155B9B-1B4B-4D63-ADBC-6312889C06DB}"
EndProject
Project("{9A19103F-16F7-4668-BE54-9A1E7A4F7556}") = "ExcelHandlerApp1", "ExcelHandlerApp1\ExcelHandlerApp1.csproj", "{AEADCD9B-80AD-48CC-A683-5F47D44906D2}"
EndProject
Project("{FAE04EC0-301F-11D3-BF4B-00C04F79EFBC}") = "TekinMssqlFLib", "TekinMssqlFLib\TekinMssqlFLib.csproj", "{9DB8C737-248B-4DCA-BF17-261205AAF562}"
EndProject
Project("{9A19103F-16F7-4668-BE54-9A1E7A4F7556}") = "TekinMssqlCLib", "TekinMssqlCLib\TekinMssqlCLib.csproj", "{08845D1C-E70B-431E-9AA1-AFE527B01ACB}"
EndProject
Project("{9A19103F-16F7-4668-BE54-9A1E7A4F7556}") = "TekinMssqlSLib", "TekinMssqlSLib\TekinMssqlSLib.csproj", "{86484E36-FD03-4854-96E0-632D3370DEA8}"
EndProject
Project("{FAE04EC0-301F-11D3-BF4B-00C04F79EFBC}") = "TekinFLib", "TekinFLib\TekinFLib.csproj", "{A665DBDF-E109-41F0-B5A4-C130748104ED}"
EndProject
Project("{9A19103F-16F7-4668-BE54-9A1E7A4F7556}") = "ConsoleCApp1", "ConsoleCApp1\ConsoleCApp1.csproj", "{02ED3468-C3EB-4A0E-8164-FB4539D4B204}"
EndProject
Project("{FAE04EC0-301F-11D3-BF4B-00C04F79EFBC}") = "ConsoleFApp1", "ConsoleFApp1\ConsoleFApp1.csproj", "{AD215DE5-46E4-4CE7-8564-A64C6474249E}"
EndProject
Project("{9A19103F-16F7-4668-BE54-9A1E7A4F7556}") = "LearnNC", "LearnNC\LearnNC.csproj", "{2922D097-5F67-4F57-BF0D-A1A64143C7A8}"
EndProject
Project("{9A19103F-16F7-4668-BE54-9A1E7A4F7556}") = "ActionFuncDemo", "ActionFuncDemo\ActionFuncDemo.csproj", "{AEDFF943-2F07-4E50-8ACE-DEF195A7A84D}"
EndProject
Project("{FAE04EC0-301F-11D3-BF4B-00C04F79EFBC}") = "TekinSQLiteFLib", "TekinSQLiteFLib\TekinSQLiteFLib.csproj", "{02593AA2-4B67-4EA2-BCF4-95113C84A733}"
EndProject
Project("{FAE04EC0-301F-11D3-BF4B-00C04F79EFBC}") = "TekinMysqlFLib", "TekinMysqlFLib\TekinMysqlFLib.csproj", "{8474B1B7-76E6-403B-A6E3-39B68FF10FB7}"
EndProject
Global
	GlobalSection(SolutionConfigurationPlatforms) = preSolution
		Debug|Any CPU = Debug|Any CPU
		Release|Any CPU = Release|Any CPU
	EndGlobalSection
	GlobalSection(ProjectConfigurationPlatforms) = postSolution
		{7E4F2C23-4371-4CB7-8BC0-351F381E6B4E}.Debug|Any CPU.ActiveCfg = Debug|Any CPU
		{7E4F2C23-4371-4CB7-8BC0-351F381E6B4E}.Debug|Any CPU.Build.0 = Debug|Any CPU
		{7E4F2C23-4371-4CB7-8BC0-351F381E6B4E}.Release|Any CPU.ActiveCfg = Release|Any CPU
		{7E4F2C23-4371-4CB7-8BC0-351F381E6B4E}.Release|Any CPU.Build.0 = Release|Any CPU
		{BF155B9B-1B4B-4D63-ADBC-6312889C06DB}.Debug|Any CPU.ActiveCfg = Debug|Any CPU
		{BF155B9B-1B4B-4D63-ADBC-6312889C06DB}.Debug|Any CPU.Build.0 = Debug|Any CPU
		{BF155B9B-1B4B-4D63-ADBC-6312889C06DB}.Release|Any CPU.ActiveCfg = Release|Any CPU
		{BF155B9B-1B4B-4D63-ADBC-6312889C06DB}.Release|Any CPU.Build.0 = Release|Any CPU
		{AEADCD9B-80AD-48CC-A683-5F47D44906D2}.Debug|Any CPU.ActiveCfg = Debug|Any CPU
		{AEADCD9B-80AD-48CC-A683-5F47D44906D2}.Debug|Any CPU.Build.0 = Debug|Any CPU
		{AEADCD9B-80AD-48CC-A683-5F47D44906D2}.Release|Any CPU.ActiveCfg = Release|Any CPU
		{AEADCD9B-80AD-48CC-A683-5F47D44906D2}.Release|Any CPU.Build.0 = Release|Any CPU
		{9DB8C737-248B-4DCA-BF17-261205AAF562}.Debug|Any CPU.ActiveCfg = Debug|Any CPU
		{9DB8C737-248B-4DCA-BF17-261205AAF562}.Debug|Any CPU.Build.0 = Debug|Any CPU
		{9DB8C737-248B-4DCA-BF17-261205AAF562}.Release|Any CPU.ActiveCfg = Release|Any CPU
		{9DB8C737-248B-4DCA-BF17-261205AAF562}.Release|Any CPU.Build.0 = Release|Any CPU
		{08845D1C-E70B-431E-9AA1-AFE527B01ACB}.Debug|Any CPU.ActiveCfg = Debug|Any CPU
		{08845D1C-E70B-431E-9AA1-AFE527B01ACB}.Debug|Any CPU.Build.0 = Debug|Any CPU
		{08845D1C-E70B-431E-9AA1-AFE527B01ACB}.Release|Any CPU.ActiveCfg = Release|Any CPU
		{08845D1C-E70B-431E-9AA1-AFE527B01ACB}.Release|Any CPU.Build.0 = Release|Any CPU
		{86484E36-FD03-4854-96E0-632D3370DEA8}.Debug|Any CPU.ActiveCfg = Debug|Any CPU
		{86484E36-FD03-4854-96E0-632D3370DEA8}.Debug|Any CPU.Build.0 = Debug|Any CPU
		{86484E36-FD03-4854-96E0-632D3370DEA8}.Release|Any CPU.ActiveCfg = Release|Any CPU
		{86484E36-FD03-4854-96E0-632D3370DEA8}.Release|Any CPU.Build.0 = Release|Any CPU
		{A665DBDF-E109-41F0-B5A4-C130748104ED}.Debug|Any CPU.ActiveCfg = Debug|Any CPU
		{A665DBDF-E109-41F0-B5A4-C130748104ED}.Debug|Any CPU.Build.0 = Debug|Any CPU
		{A665DBDF-E109-41F0-B5A4-C130748104ED}.Release|Any CPU.ActiveCfg = Release|Any CPU
		{A665DBDF-E109-41F0-B5A4-C130748104ED}.Release|Any CPU.Build.0 = Release|Any CPU
		{02ED3468-C3EB-4A0E-8164-FB4539D4B204}.Debug|Any CPU.ActiveCfg = Debug|Any CPU
		{02ED3468-C3EB-4A0E-8164-FB4539D4B204}.Debug|Any CPU.Build.0 = Debug|Any CPU
		{02ED3468-C3EB-4A0E-8164-FB4539D4B204}.Release|Any CPU.ActiveCfg = Release|Any CPU
		{02ED3468-C3EB-4A0E-8164-FB4539D4B204}.Release|Any CPU.Build.0 = Release|Any CPU
		{AD215DE5-46E4-4CE7-8564-A64C6474249E}.Debug|Any CPU.ActiveCfg = Debug|Any CPU
		{AD215DE5-46E4-4CE7-8564-A64C6474249E}.Debug|Any CPU.Build.0 = Debug|Any CPU
		{AD215DE5-46E4-4CE7-8564-A64C6474249E}.Release|Any CPU.ActiveCfg = Release|Any CPU
		{AD215DE5-46E4-4CE7-8564-A64C6474249E}.Release|Any CPU.Build.0 = Release|Any CPU
		{2922D097-5F67-4F57-BF0D-A1A64143C7A8}.Debug|Any CPU.ActiveCfg = Debug|Any CPU
		{2922D097-5F67-4F57-BF0D-A1A64143C7A8}.Debug|Any CPU.Build.0 = Debug|Any CPU
		{2922D097-5F67-4F57-BF0D-A1A64143C7A8}.Release|Any CPU.ActiveCfg = Release|Any CPU
		{2922D097-5F67-4F57-BF0D-A1A64143C7A8}.Release|Any CPU.Build.0 = Release|Any CPU
		{AEDFF943-2F07-4E50-8ACE-DEF195A7A84D}.Debug|Any CPU.ActiveCfg = Debug|Any CPU
		{AEDFF943-2F07-4E50-8ACE-DEF195A7A84D}.Debug|Any CPU.Build.0 = Debug|Any CPU
		{AEDFF943-2F07-4E50-8ACE-DEF195A7A84D}.Release|Any CPU.ActiveCfg = Release|Any CPU
		{AEDFF943-2F07-4E50-8ACE-DEF195A7A84D}.Release|Any CPU.Build.0 = Release|Any CPU
		{02593AA2-4B67-4EA2-BCF4-95113C84A733}.Debug|Any CPU.ActiveCfg = Debug|Any CPU
		{02593AA2-4B67-4EA2-BCF4-95113C84A733}.Debug|Any CPU.Build.0 = Debug|Any CPU
		{02593AA2-4B67-4EA2-BCF4-95113C84A733}.Release|Any CPU.ActiveCfg = Release|Any CPU
		{02593AA2-4B67-4EA2-BCF4-95113C84A733}.Release|Any CPU.Build.0 = Release|Any CPU
		{8474B1B7-76E6-403B-A6E3-39B68FF10FB7}.Debug|Any CPU.ActiveCfg = Debug|Any CPU
		{8474B1B7-76E6-403B-A6E3-39B68FF10FB7}.Debug|Any CPU.Build.0 = Debug|Any CPU
		{8474B1B7-76E6-403B-A6E3-39B68FF10FB7}.Release|Any CPU.ActiveCfg = Release|Any CPU
		{8474B1B7-76E6-403B-A6E3-39B68FF10FB7}.Release|Any CPU.Build.0 = Release|Any CPU
	EndGlobalSection
	GlobalSection(SolutionProperties) = preSolution
		HideSolutionNode = FALSE
	EndGlobalSection
	GlobalSection(ExtensibilityGlobals) = postSolution
		SolutionGuid = {75B1610A-9776-48A8-9211-3FC195E55857}
	EndGlobalSection
EndGlobal
